
Microsoft Visual Studio Solution File, Format Version 12.00
# Visual Studio Version 17
VisualStudioVersion = 17.0.31903.59
MinimumVisualStudioVersion = 10.0.40219.1
Project("{2150E333-8FDC-42A3-9474-1A3956D46DE8}") = "src", "src", "{827E0CD3-B72D-47B6-A68D-7590B98EB39B}"
EndProject
Project("{FAE04EC0-301F-11D3-BF4B-00C04F79EFBC}") = "VSMS.Web", "src\VSMS.Web\VSMS.Web.csproj", "{FDD9D2B3-7189-4C9A-B81D-6AE746B95B4A}"
EndProject
Project("{FAE04EC0-301F-11D3-BF4B-00C04F79EFBC}") = "VSMS.Core", "src\VSMS.Core\VSMS.Core.csproj", "{09F4C1AF-E5BB-4CC8-9F46-F3BB2838A096}"
EndProject
Project("{FAE04EC0-301F-11D3-BF4B-00C04F79EFBC}") = "VSMS.Infrastructure", "src\VSMS.Infrastructure\VSMS.Infrastructure.csproj", "{857CECF9-432F-4C61-9E55-4ADFFA8BFD7F}"
EndProject
Project("{FAE04EC0-301F-11D3-BF4B-00C04F79EFBC}") = "VSMS.Jobs", "src\VSMS.Jobs\VSMS.Jobs.csproj", "{B22CD8B4-591F-48E1-ABB3-66ABD98724E5}"
EndProject
Project("{FAE04EC0-301F-11D3-BF4B-00C04F79EFBC}") = "VSMS.Tests.Unit", "tests\VSMS.Tests.Unit\VSMS.Tests.Unit.csproj", "{8CF29E2F-DB19-4F1D-A317-6346BAB233CC}"
EndProject
Project("{FAE04EC0-301F-11D3-BF4B-00C04F79EFBC}") = "VSMS.Tests.Integration", "tests\VSMS.Tests.Integration\VSMS.Tests.Integration.csproj", "{435975C6-1F54-43D2-A90F-86A63F408FC4}"
EndProject
Global
	GlobalSection(SolutionConfigurationPlatforms) = preSolution
		Debug|Any CPU = Debug|Any CPU
		Debug|x64 = Debug|x64
		Debug|x86 = Debug|x86
		Release|Any CPU = Release|Any CPU
		Release|x64 = Release|x64
		Release|x86 = Release|x86
	EndGlobalSection
	GlobalSection(ProjectConfigurationPlatforms) = postSolution
		{FDD9D2B3-7189-4C9A-B81D-6AE746B95B4A}.Debug|Any CPU.ActiveCfg = Debug|Any CPU
		{FDD9D2B3-7189-4C9A-B81D-6AE746B95B4A}.Debug|Any CPU.Build.0 = Debug|Any CPU
		{FDD9D2B3-7189-4C9A-B81D-6AE746B95B4A}.Debug|x64.ActiveCfg = Debug|Any CPU
		{FDD9D2B3-7189-4C9A-B81D-6AE746B95B4A}.Debug|x64.Build.0 = Debug|Any CPU
		{FDD9D2B3-7189-4C9A-B81D-6AE746B95B4A}.Debug|x86.ActiveCfg = Debug|Any CPU
		{FDD9D2B3-7189-4C9A-B81D-6AE746B95B4A}.Debug|x86.Build.0 = Debug|Any CPU
		{FDD9D2B3-7189-4C9A-B81D-6AE746B95B4A}.Release|Any CPU.ActiveCfg = Release|Any CPU
		{FDD9D2B3-7189-4C9A-B81D-6AE746B95B4A}.Release|Any CPU.Build.0 = Release|Any CPU
		{FDD9D2B3-7189-4C9A-B81D-6AE746B95B4A}.Release|x64.ActiveCfg = Release|Any CPU
		{FDD9D2B3-7189-4C9A-B81D-6AE746B95B4A}.Release|x64.Build.0 = Release|Any CPU
		{FDD9D2B3-7189-4C9A-B81D-6AE746B95B4A}.Release|x86.ActiveCfg = Release|Any CPU
		{FDD9D2B3-7189-4C9A-B81D-6AE746B95B4A}.Release|x86.Build.0 = Release|Any CPU
		{09F4C1AF-E5BB-4CC8-9F46-F3BB2838A096}.Debug|Any CPU.ActiveCfg = Debug|Any CPU
		{09F4C1AF-E5BB-4CC8-9F46-F3BB2838A096}.Debug|Any CPU.Build.0 = Debug|Any CPU
		{09F4C1AF-E5BB-4CC8-9F46-F3BB2838A096}.Debug|x64.ActiveCfg = Debug|Any CPU
		{09F4C1AF-E5BB-4CC8-9F46-F3BB2838A096}.Debug|x64.Build.0 = Debug|Any CPU
		{09F4C1AF-E5BB-4CC8-9F46-F3BB2838A096}.Debug|x86.ActiveCfg = Debug|Any CPU
		{09F4C1AF-E5BB-4CC8-9F46-F3BB2838A096}.Debug|x86.Build.0 = Debug|Any CPU
		{09F4C1AF-E5BB-4CC8-9F46-F3BB2838A096}.Release|Any CPU.ActiveCfg = Release|Any CPU
		{09F4C1AF-E5BB-4CC8-9F46-F3BB2838A096}.Release|Any CPU.Build.0 = Release|Any CPU
		{09F4C1AF-E5BB-4CC8-9F46-F3BB2838A096}.Release|x64.ActiveCfg = Release|Any CPU
		{09F4C1AF-E5BB-4CC8-9F46-F3BB2838A096}.Release|x64.Build.0 = Release|Any CPU
		{09F4C1AF-E5BB-4CC8-9F46-F3BB2838A096}.Release|x86.ActiveCfg = Release|Any CPU
		{09F4C1AF-E5BB-4CC8-9F46-F3BB2838A096}.Release|x86.Build.0 = Release|Any CPU
		{857CECF9-432F-4C61-9E55-4ADFFA8BFD7F}.Debug|Any CPU.ActiveCfg = Debug|Any CPU
		{857CECF9-432F-4C61-9E55-4ADFFA8BFD7F}.Debug|Any CPU.Build.0 = Debug|Any CPU
		{857CECF9-432F-4C61-9E55-4ADFFA8BFD7F}.Debug|x64.ActiveCfg = Debug|Any CPU
		{857CECF9-432F-4C61-9E55-4ADFFA8BFD7F}.Debug|x64.Build.0 = Debug|Any CPU
		{857CECF9-432F-4C61-9E55-4ADFFA8BFD7F}.Debug|x86.ActiveCfg = Debug|Any CPU
		{857CECF9-432F-4C61-9E55-4ADFFA8BFD7F}.Debug|x86.Build.0 = Debug|Any CPU
		{857CECF9-432F-4C61-9E55-4ADFFA8BFD7F}.Release|Any CPU.ActiveCfg = Release|Any CPU
		{857CECF9-432F-4C61-9E55-4ADFFA8BFD7F}.Release|Any CPU.Build.0 = Release|Any CPU
		{857CECF9-432F-4C61-9E55-4ADFFA8BFD7F}.Release|x64.ActiveCfg = Release|Any CPU
		{857CECF9-432F-4C61-9E55-4ADFFA8BFD7F}.Release|x64.Build.0 = Release|Any CPU
		{857CECF9-432F-4C61-9E55-4ADFFA8BFD7F}.Release|x86.ActiveCfg = Release|Any CPU
		{857CECF9-432F-4C61-9E55-4ADFFA8BFD7F}.Release|x86.Build.0 = Release|Any CPU
		{B22CD8B4-591F-48E1-ABB3-66ABD98724E5}.Debug|Any CPU.ActiveCfg = Debug|Any CPU
		{B22CD8B4-591F-48E1-ABB3-66ABD98724E5}.Debug|Any CPU.Build.0 = Debug|Any CPU
		{B22CD8B4-591F-48E1-ABB3-66ABD98724E5}.Debug|x64.ActiveCfg = Debug|Any CPU
		{B22CD8B4-591F-48E1-ABB3-66ABD98724E5}.Debug|x64.Build.0 = Debug|Any CPU
		{B22CD8B4-591F-48E1-ABB3-66ABD98724E5}.Debug|x86.ActiveCfg = Debug|Any CPU
		{B22CD8B4-591F-48E1-ABB3-66ABD98724E5}.Debug|x86.Build.0 = Debug|Any CPU
		{B22CD8B4-591F-48E1-ABB3-66ABD98724E5}.Release|Any CPU.ActiveCfg = Release|Any CPU
		{B22CD8B4-591F-48E1-ABB3-66ABD98724E5}.Release|Any CPU.Build.0 = Release|Any CPU
		{B22CD8B4-591F-48E1-ABB3-66ABD98724E5}.Release|x64.ActiveCfg = Release|Any CPU
		{B22CD8B4-591F-48E1-ABB3-66ABD98724E5}.Release|x64.Build.0 = Release|Any CPU
		{B22CD8B4-591F-48E1-ABB3-66ABD98724E5}.Release|x86.ActiveCfg = Release|Any CPU
		{B22CD8B4-591F-48E1-ABB3-66ABD98724E5}.Release|x86.Build.0 = Release|Any CPU
		{8CF29E2F-DB19-4F1D-A317-6346BAB233CC}.Debug|Any CPU.ActiveCfg = Debug|Any CPU
		{8CF29E2F-DB19-4F1D-A317-6346BAB233CC}.Debug|Any CPU.Build.0 = Debug|Any CPU
		{8CF29E2F-DB19-4F1D-A317-6346BAB233CC}.Debug|x64.ActiveCfg = Debug|Any CPU
		{8CF29E2F-DB19-4F1D-A317-6346BAB233CC}.Debug|x64.Build.0 = Debug|Any CPU
		{8CF29E2F-DB19-4F1D-A317-6346BAB233CC}.Debug|x86.ActiveCfg = Debug|Any CPU
		{8CF29E2F-DB19-4F1D-A317-6346BAB233CC}.Debug|x86.Build.0 = Debug|Any CPU
		{8CF29E2F-DB19-4F1D-A317-6346BAB233CC}.Release|Any CPU.ActiveCfg = Release|Any CPU
		{8CF29E2F-DB19-4F1D-A317-6346BAB233CC}.Release|Any CPU.Build.0 = Release|Any CPU
		{8CF29E2F-DB19-4F1D-A317-6346BAB233CC}.Release|x64.ActiveCfg = Release|Any CPU
		{8CF29E2F-DB19-4F1D-A317-6346BAB233CC}.Release|x64.Build.0 = Release|Any CPU
		{8CF29E2F-DB19-4F1D-A317-6346BAB233CC}.Release|x86.ActiveCfg = Release|Any CPU
		{8CF29E2F-DB19-4F1D-A317-6346BAB233CC}.Release|x86.Build.0 = Release|Any CPU
		{435975C6-1F54-43D2-A90F-86A63F408FC4}.Debug|Any CPU.ActiveCfg = Debug|Any CPU
		{435975C6-1F54-43D2-A90F-86A63F408FC4}.Debug|Any CPU.Build.0 = Debug|Any CPU
		{435975C6-1F54-43D2-A90F-86A63F408FC4}.Debug|x64.ActiveCfg = Debug|Any CPU
		{435975C6-1F54-43D2-A90F-86A63F408FC4}.Debug|x64.Build.0 = Debug|Any CPU
		{435975C6-1F54-43D2-A90F-86A63F408FC4}.Debug|x86.ActiveCfg = Debug|Any CPU
		{435975C6-1F54-43D2-A90F-86A63F408FC4}.Debug|x86.Build.0 = Debug|Any CPU
		{435975C6-1F54-43D2-A90F-86A63F408FC4}.Release|Any CPU.ActiveCfg = Release|Any CPU
		{435975C6-1F54-43D2-A90F-86A63F408FC4}.Release|Any CPU.Build.0 = Release|Any CPU
		{435975C6-1F54-43D2-A90F-86A63F408FC4}.Release|x64.ActiveCfg = Release|Any CPU
		{435975C6-1F54-43D2-A90F-86A63F408FC4}.Release|x64.Build.0 = Release|Any CPU
		{435975C6-1F54-43D2-A90F-86A63F408FC4}.Release|x86.ActiveCfg = Release|Any CPU
		{435975C6-1F54-43D2-A90F-86A63F408FC4}.Release|x86.Build.0 = Release|Any CPU
	EndGlobalSection
	GlobalSection(SolutionProperties) = preSolution
		HideSolutionNode = FALSE
	EndGlobalSection
	GlobalSection(NestedProjects) = preSolution
		{FDD9D2B3-7189-4C9A-B81D-6AE746B95B4A} = {827E0CD3-B72D-47B6-A68D-7590B98EB39B}
		{09F4C1AF-E5BB-4CC8-9F46-F3BB2838A096} = {827E0CD3-B72D-47B6-A68D-7590B98EB39B}
		{857CECF9-432F-4C61-9E55-4ADFFA8BFD7F} = {827E0CD3-B72D-47B6-A68D-7590B98EB39B}
		{B22CD8B4-591F-48E1-ABB3-66ABD98724E5} = {827E0CD3-B72D-47B6-A68D-7590B98EB39B}
		{8CF29E2F-DB19-4F1D-A317-6346BAB233CC} = {827E0CD3-B72D-47B6-A68D-7590B98EB39B}
		{435975C6-1F54-43D2-A90F-86A63F408FC4} = {827E0CD3-B72D-47B6-A68D-7590B98EB39B}
	EndGlobalSection
EndGlobal
